// !$*UTF8*$!
{
	archiveVersion = 1;
	classes = {
	};
	objectVersion = 56;
	objects = {

/* Begin PBXBuildFile section */
		622E331C2B98C1C20063C294 /* GFEmptyStateView.swift in Sources */ = {isa = PBXBuildFile; fileRef = 622E331B2B98C1C20063C294 /* GFEmptyStateView.swift */; };
		6248B5C72B93E93000A8B580 /* Follower.swift in Sources */ = {isa = PBXBuildFile; fileRef = 6248B5C62B93E93000A8B580 /* Follower.swift */; };
		6248B5C92B93E9F400A8B580 /* User.swift in Sources */ = {isa = PBXBuildFile; fileRef = 6248B5C82B93E9F400A8B580 /* User.swift */; };
		625916B62B91159400DDB3E9 /* AppDelegate.swift in Sources */ = {isa = PBXBuildFile; fileRef = 625916B52B91159400DDB3E9 /* AppDelegate.swift */; };
		625916B82B91159400DDB3E9 /* SceneDelegate.swift in Sources */ = {isa = PBXBuildFile; fileRef = 625916B72B91159400DDB3E9 /* SceneDelegate.swift */; };
		625916BF2B91159500DDB3E9 /* Assets.xcassets in Resources */ = {isa = PBXBuildFile; fileRef = 625916BE2B91159500DDB3E9 /* Assets.xcassets */; };
		625916C22B91159500DDB3E9 /* LaunchScreen.storyboard in Resources */ = {isa = PBXBuildFile; fileRef = 625916C02B91159500DDB3E9 /* LaunchScreen.storyboard */; };
		625916CA2B91208000DDB3E9 /* SearchVC.swift in Sources */ = {isa = PBXBuildFile; fileRef = 625916C92B91208000DDB3E9 /* SearchVC.swift */; };
		625916CC2B91218500DDB3E9 /* FavoritesListVC.swift in Sources */ = {isa = PBXBuildFile; fileRef = 625916CB2B91218500DDB3E9 /* FavoritesListVC.swift */; };
		625916CE2B9128B800DDB3E9 /* GFButton.swift in Sources */ = {isa = PBXBuildFile; fileRef = 625916CD2B9128B800DDB3E9 /* GFButton.swift */; };
		6262C5C72B9A4B42004B2423 /* UserInfoVC.swift in Sources */ = {isa = PBXBuildFile; fileRef = 6262C5C62B9A4B42004B2423 /* UserInfoVC.swift */; };
		6262C5C92B9A5C64004B2423 /* GFError.swift in Sources */ = {isa = PBXBuildFile; fileRef = 6262C5C82B9A5C64004B2423 /* GFError.swift */; };
		6280852D2B9B5C0E008EA841 /* GFUserInfoHeaderVC.swift in Sources */ = {isa = PBXBuildFile; fileRef = 6280852C2B9B5C0E008EA841 /* GFUserInfoHeaderVC.swift */; };
		6280852F2B9B5C86008EA841 /* GFSecondaryTitleLabel.swift in Sources */ = {isa = PBXBuildFile; fileRef = 6280852E2B9B5C86008EA841 /* GFSecondaryTitleLabel.swift */; };
		628875562B96107D008F6003 /* NetworkManager.swift in Sources */ = {isa = PBXBuildFile; fileRef = 628875552B96107D008F6003 /* NetworkManager.swift */; };
		6288755C2B9650EF008F6003 /* FollowerCell.swift in Sources */ = {isa = PBXBuildFile; fileRef = 6288755B2B9650EF008F6003 /* FollowerCell.swift */; };
		6288755E2B965187008F6003 /* GFAvatarImageView.swift in Sources */ = {isa = PBXBuildFile; fileRef = 6288755D2B965187008F6003 /* GFAvatarImageView.swift */; };
		628875602B97A26B008F6003 /* UIHelper.swift in Sources */ = {isa = PBXBuildFile; fileRef = 6288755F2B97A26B008F6003 /* UIHelper.swift */; };
		629FFE122B9B6C1B004B65A6 /* Constants.swift in Sources */ = {isa = PBXBuildFile; fileRef = 629FFE112B9B6C1B004B65A6 /* Constants.swift */; };
		62A6C15F2B9D33CC009BB766 /* GFItemInfoView.swift in Sources */ = {isa = PBXBuildFile; fileRef = 62A6C15E2B9D33CC009BB766 /* GFItemInfoView.swift */; };
		62B7EF1A2B92664C00875D92 /* UIViewController+Ext.swift in Sources */ = {isa = PBXBuildFile; fileRef = 62B7EF192B92664C00875D92 /* UIViewController+Ext.swift */; };
		62C23B8B2B92575600524BBB /* GFTitleLabel.swift in Sources */ = {isa = PBXBuildFile; fileRef = 62C23B8A2B92575600524BBB /* GFTitleLabel.swift */; };
		62C23B8D2B92597B00524BBB /* GFBodyLabel.swift in Sources */ = {isa = PBXBuildFile; fileRef = 62C23B8C2B92597B00524BBB /* GFBodyLabel.swift */; };
		62C23B8F2B925A3300524BBB /* GFAlertVC.swift in Sources */ = {isa = PBXBuildFile; fileRef = 62C23B8E2B925A3300524BBB /* GFAlertVC.swift */; };
		62C23B932B925DB900524BBB /* GFAlertContainer.swift in Sources */ = {isa = PBXBuildFile; fileRef = 62C23B922B925DB900524BBB /* GFAlertContainer.swift */; };
		62CE8F492B92120100BE185E /* GFTextField.swift in Sources */ = {isa = PBXBuildFile; fileRef = 62CE8F482B92120100BE185E /* GFTextField.swift */; };
		62CE8F4B2B92252B00BE185E /* FollowerListVC.swift in Sources */ = {isa = PBXBuildFile; fileRef = 62CE8F4A2B92252B00BE185E /* FollowerListVC.swift */; };
/* End PBXBuildFile section */

/* Begin PBXFileReference section */
		622E331B2B98C1C20063C294 /* GFEmptyStateView.swift */ = {isa = PBXFileReference; lastKnownFileType = sourcecode.swift; path = GFEmptyStateView.swift; sourceTree = "<group>"; };
		6248B5C62B93E93000A8B580 /* Follower.swift */ = {isa = PBXFileReference; lastKnownFileType = sourcecode.swift; path = Follower.swift; sourceTree = "<group>"; };
		6248B5C82B93E9F400A8B580 /* User.swift */ = {isa = PBXFileReference; lastKnownFileType = sourcecode.swift; path = User.swift; sourceTree = "<group>"; };
		625916B22B91159400DDB3E9 /* GHFollowers.app */ = {isa = PBXFileReference; explicitFileType = wrapper.application; includeInIndex = 0; path = GHFollowers.app; sourceTree = BUILT_PRODUCTS_DIR; };
		625916B52B91159400DDB3E9 /* AppDelegate.swift */ = {isa = PBXFileReference; lastKnownFileType = sourcecode.swift; path = AppDelegate.swift; sourceTree = "<group>"; };
		625916B72B91159400DDB3E9 /* SceneDelegate.swift */ = {isa = PBXFileReference; lastKnownFileType = sourcecode.swift; path = SceneDelegate.swift; sourceTree = "<group>"; };
		625916BE2B91159500DDB3E9 /* Assets.xcassets */ = {isa = PBXFileReference; lastKnownFileType = folder.assetcatalog; path = Assets.xcassets; sourceTree = "<group>"; };
		625916C12B91159500DDB3E9 /* Base */ = {isa = PBXFileReference; lastKnownFileType = file.storyboard; name = Base; path = Base.lproj/LaunchScreen.storyboard; sourceTree = "<group>"; };
		625916C32B91159500DDB3E9 /* Info.plist */ = {isa = PBXFileReference; lastKnownFileType = text.plist.xml; path = Info.plist; sourceTree = "<group>"; };
		625916C92B91208000DDB3E9 /* SearchVC.swift */ = {isa = PBXFileReference; lastKnownFileType = sourcecode.swift; path = SearchVC.swift; sourceTree = "<group>"; };
		625916CB2B91218500DDB3E9 /* FavoritesListVC.swift */ = {isa = PBXFileReference; lastKnownFileType = sourcecode.swift; path = FavoritesListVC.swift; sourceTree = "<group>"; };
		625916CD2B9128B800DDB3E9 /* GFButton.swift */ = {isa = PBXFileReference; lastKnownFileType = sourcecode.swift; path = GFButton.swift; sourceTree = "<group>"; };
		6262C5C62B9A4B42004B2423 /* UserInfoVC.swift */ = {isa = PBXFileReference; lastKnownFileType = sourcecode.swift; path = UserInfoVC.swift; sourceTree = "<group>"; };
		6262C5C82B9A5C64004B2423 /* GFError.swift */ = {isa = PBXFileReference; lastKnownFileType = sourcecode.swift; path = GFError.swift; sourceTree = "<group>"; };
		6280852C2B9B5C0E008EA841 /* GFUserInfoHeaderVC.swift */ = {isa = PBXFileReference; lastKnownFileType = sourcecode.swift; path = GFUserInfoHeaderVC.swift; sourceTree = "<group>"; };
		6280852E2B9B5C86008EA841 /* GFSecondaryTitleLabel.swift */ = {isa = PBXFileReference; lastKnownFileType = sourcecode.swift; path = GFSecondaryTitleLabel.swift; sourceTree = "<group>"; };
		628875552B96107D008F6003 /* NetworkManager.swift */ = {isa = PBXFileReference; lastKnownFileType = sourcecode.swift; path = NetworkManager.swift; sourceTree = "<group>"; };
		6288755B2B9650EF008F6003 /* FollowerCell.swift */ = {isa = PBXFileReference; lastKnownFileType = sourcecode.swift; path = FollowerCell.swift; sourceTree = "<group>"; };
		6288755D2B965187008F6003 /* GFAvatarImageView.swift */ = {isa = PBXFileReference; lastKnownFileType = sourcecode.swift; path = GFAvatarImageView.swift; sourceTree = "<group>"; };
		6288755F2B97A26B008F6003 /* UIHelper.swift */ = {isa = PBXFileReference; lastKnownFileType = sourcecode.swift; path = UIHelper.swift; sourceTree = "<group>"; };
		629FFE112B9B6C1B004B65A6 /* Constants.swift */ = {isa = PBXFileReference; lastKnownFileType = sourcecode.swift; path = Constants.swift; sourceTree = "<group>"; };
		62A6C15E2B9D33CC009BB766 /* GFItemInfoView.swift */ = {isa = PBXFileReference; lastKnownFileType = sourcecode.swift; path = GFItemInfoView.swift; sourceTree = "<group>"; };
		62B7EF192B92664C00875D92 /* UIViewController+Ext.swift */ = {isa = PBXFileReference; lastKnownFileType = sourcecode.swift; path = "UIViewController+Ext.swift"; sourceTree = "<group>"; };
		62C23B8A2B92575600524BBB /* GFTitleLabel.swift */ = {isa = PBXFileReference; lastKnownFileType = sourcecode.swift; path = GFTitleLabel.swift; sourceTree = "<group>"; };
		62C23B8C2B92597B00524BBB /* GFBodyLabel.swift */ = {isa = PBXFileReference; lastKnownFileType = sourcecode.swift; path = GFBodyLabel.swift; sourceTree = "<group>"; };
		62C23B8E2B925A3300524BBB /* GFAlertVC.swift */ = {isa = PBXFileReference; lastKnownFileType = sourcecode.swift; path = GFAlertVC.swift; sourceTree = "<group>"; };
		62C23B922B925DB900524BBB /* GFAlertContainer.swift */ = {isa = PBXFileReference; lastKnownFileType = sourcecode.swift; path = GFAlertContainer.swift; sourceTree = "<group>"; };
		62CE8F482B92120100BE185E /* GFTextField.swift */ = {isa = PBXFileReference; lastKnownFileType = sourcecode.swift; path = GFTextField.swift; sourceTree = "<group>"; };
		62CE8F4A2B92252B00BE185E /* FollowerListVC.swift */ = {isa = PBXFileReference; lastKnownFileType = sourcecode.swift; path = FollowerListVC.swift; sourceTree = "<group>"; };
/* End PBXFileReference section */

/* Begin PBXFrameworksBuildPhase section */
		625916AF2B91159400DDB3E9 /* Frameworks */ = {
			isa = PBXFrameworksBuildPhase;
			buildActionMask = 2147483647;
			files = (
			);
			runOnlyForDeploymentPostprocessing = 0;
		};
/* End PBXFrameworksBuildPhase section */

/* Begin PBXGroup section */
		622E33152B98C1260063C294 /* Buttons */ = {
			isa = PBXGroup;
			children = (
				625916CD2B9128B800DDB3E9 /* GFButton.swift */,
			);
			path = Buttons;
			sourceTree = "<group>";
		};
		622E33162B98C12F0063C294 /* Views */ = {
			isa = PBXGroup;
			children = (
				62C23B922B925DB900524BBB /* GFAlertContainer.swift */,
				622E331B2B98C1C20063C294 /* GFEmptyStateView.swift */,
				62A6C15E2B9D33CC009BB766 /* GFItemInfoView.swift */,
			);
			path = Views;
			sourceTree = "<group>";
		};
		622E33172B98C1350063C294 /* ImageViews */ = {
			isa = PBXGroup;
			children = (
				6288755D2B965187008F6003 /* GFAvatarImageView.swift */,
			);
			path = ImageViews;
			sourceTree = "<group>";
		};
		622E33182B98C13C0063C294 /* TextFields */ = {
			isa = PBXGroup;
			children = (
				62CE8F482B92120100BE185E /* GFTextField.swift */,
			);
			path = TextFields;
			sourceTree = "<group>";
		};
		622E33192B98C15A0063C294 /* ViewControllers */ = {
			isa = PBXGroup;
			children = (
				62C23B8E2B925A3300524BBB /* GFAlertVC.swift */,
				6280852C2B9B5C0E008EA841 /* GFUserInfoHeaderVC.swift */,
			);
			path = ViewControllers;
			sourceTree = "<group>";
		};
		622E331A2B98C16D0063C294 /* Labels */ = {
			isa = PBXGroup;
			children = (
				62C23B8A2B92575600524BBB /* GFTitleLabel.swift */,
				62C23B8C2B92597B00524BBB /* GFBodyLabel.swift */,
				6280852E2B9B5C86008EA841 /* GFSecondaryTitleLabel.swift */,
			);
			path = Labels;
			sourceTree = "<group>";
		};
		6248B5C12B93CA7B00A8B580 /* Screens */ = {
			isa = PBXGroup;
			children = (
				625916C92B91208000DDB3E9 /* SearchVC.swift */,
				62CE8F4A2B92252B00BE185E /* FollowerListVC.swift */,
				625916CB2B91218500DDB3E9 /* FavoritesListVC.swift */,
				6262C5C62B9A4B42004B2423 /* UserInfoVC.swift */,
			);
			path = Screens;
			sourceTree = "<group>";
		};
		6248B5C22B93CACC00A8B580 /* Custom Views */ = {
			isa = PBXGroup;
			children = (
				622E331A2B98C16D0063C294 /* Labels */,
				622E33192B98C15A0063C294 /* ViewControllers */,
				622E33182B98C13C0063C294 /* TextFields */,
				622E33172B98C1350063C294 /* ImageViews */,
				622E33162B98C12F0063C294 /* Views */,
				622E33152B98C1260063C294 /* Buttons */,
				6288755A2B9650CD008F6003 /* Cells */,
			);
			path = "Custom Views";
			sourceTree = "<group>";
		};
		6248B5C32B93CB2000A8B580 /* Extension */ = {
			isa = PBXGroup;
			children = (
				62B7EF192B92664C00875D92 /* UIViewController+Ext.swift */,
			);
			path = Extension;
			sourceTree = "<group>";
		};
		6248B5C42B93CBAB00A8B580 /* Support */ = {
			isa = PBXGroup;
			children = (
				625916B52B91159400DDB3E9 /* AppDelegate.swift */,
				625916B72B91159400DDB3E9 /* SceneDelegate.swift */,
				625916BE2B91159500DDB3E9 /* Assets.xcassets */,
				625916C02B91159500DDB3E9 /* LaunchScreen.storyboard */,
			);
			path = Support;
			sourceTree = "<group>";
		};
		6248B5C52B93E91D00A8B580 /* Model */ = {
			isa = PBXGroup;
			children = (
				6248B5C62B93E93000A8B580 /* Follower.swift */,
				6248B5C82B93E9F400A8B580 /* User.swift */,
			);
			path = Model;
			sourceTree = "<group>";
		};
		625916A92B91159400DDB3E9 = {
			isa = PBXGroup;
			children = (
				625916B42B91159400DDB3E9 /* GHFollowers */,
				625916B32B91159400DDB3E9 /* Products */,
			);
			sourceTree = "<group>";
		};
		625916B32B91159400DDB3E9 /* Products */ = {
			isa = PBXGroup;
			children = (
				625916B22B91159400DDB3E9 /* GHFollowers.app */,
			);
			name = Products;
			sourceTree = "<group>";
		};
		625916B42B91159400DDB3E9 /* GHFollowers */ = {
			isa = PBXGroup;
			children = (
				628875572B9627C0008F6003 /* Utilities */,
				628875542B961069008F6003 /* Manager */,
				625916C32B91159500DDB3E9 /* Info.plist */,
				6248B5C52B93E91D00A8B580 /* Model */,
				6248B5C42B93CBAB00A8B580 /* Support */,
				6248B5C32B93CB2000A8B580 /* Extension */,
				6248B5C22B93CACC00A8B580 /* Custom Views */,
				6248B5C12B93CA7B00A8B580 /* Screens */,
			);
			path = GHFollowers;
			sourceTree = "<group>";
		};
		628875542B961069008F6003 /* Manager */ = {
			isa = PBXGroup;
			children = (
				628875552B96107D008F6003 /* NetworkManager.swift */,
			);
			path = Manager;
			sourceTree = "<group>";
		};
		628875572B9627C0008F6003 /* Utilities */ = {
			isa = PBXGroup;
			children = (
				6288755F2B97A26B008F6003 /* UIHelper.swift */,
				6262C5C82B9A5C64004B2423 /* GFError.swift */,
				629FFE112B9B6C1B004B65A6 /* Constants.swift */,
			);
			path = Utilities;
			sourceTree = "<group>";
		};
		6288755A2B9650CD008F6003 /* Cells */ = {
			isa = PBXGroup;
			children = (
				6288755B2B9650EF008F6003 /* FollowerCell.swift */,
			);
			path = Cells;
			sourceTree = "<group>";
		};
/* End PBXGroup section */

/* Begin PBXNativeTarget section */
		625916B12B91159400DDB3E9 /* GHFollowers */ = {
			isa = PBXNativeTarget;
			buildConfigurationList = 625916C62B91159500DDB3E9 /* Build configuration list for PBXNativeTarget "GHFollowers" */;
			buildPhases = (
				625916AE2B91159400DDB3E9 /* Sources */,
				625916AF2B91159400DDB3E9 /* Frameworks */,
				625916B02B91159400DDB3E9 /* Resources */,
			);
			buildRules = (
			);
			dependencies = (
			);
			name = GHFollowers;
			productName = GHFollowers;
			productReference = 625916B22B91159400DDB3E9 /* GHFollowers.app */;
			productType = "com.apple.product-type.application";
		};
/* End PBXNativeTarget section */

/* Begin PBXProject section */
		625916AA2B91159400DDB3E9 /* Project object */ = {
			isa = PBXProject;
			attributes = {
				BuildIndependentTargetsInParallel = 1;
				LastSwiftUpdateCheck = 1520;
				LastUpgradeCheck = 1520;
				TargetAttributes = {
					625916B12B91159400DDB3E9 = {
						CreatedOnToolsVersion = 15.2;
					};
				};
			};
			buildConfigurationList = 625916AD2B91159400DDB3E9 /* Build configuration list for PBXProject "GHFollowers" */;
			compatibilityVersion = "Xcode 14.0";
			developmentRegion = en;
			hasScannedForEncodings = 0;
			knownRegions = (
				en,
				Base,
			);
			mainGroup = 625916A92B91159400DDB3E9;
			productRefGroup = 625916B32B91159400DDB3E9 /* Products */;
			projectDirPath = "";
			projectRoot = "";
			targets = (
				625916B12B91159400DDB3E9 /* GHFollowers */,
			);
		};
/* End PBXProject section */

/* Begin PBXResourcesBuildPhase section */
		625916B02B91159400DDB3E9 /* Resources */ = {
			isa = PBXResourcesBuildPhase;
			buildActionMask = 2147483647;
			files = (
				625916C22B91159500DDB3E9 /* LaunchScreen.storyboard in Resources */,
				625916BF2B91159500DDB3E9 /* Assets.xcassets in Resources */,
			);
			runOnlyForDeploymentPostprocessing = 0;
		};
/* End PBXResourcesBuildPhase section */

/* Begin PBXSourcesBuildPhase section */
		625916AE2B91159400DDB3E9 /* Sources */ = {
			isa = PBXSourcesBuildPhase;
			buildActionMask = 2147483647;
			files = (
				62CE8F492B92120100BE185E /* GFTextField.swift in Sources */,
				62C23B8D2B92597B00524BBB /* GFBodyLabel.swift in Sources */,
				62B7EF1A2B92664C00875D92 /* UIViewController+Ext.swift in Sources */,
				6280852D2B9B5C0E008EA841 /* GFUserInfoHeaderVC.swift in Sources */,
				625916CC2B91218500DDB3E9 /* FavoritesListVC.swift in Sources */,
				625916CE2B9128B800DDB3E9 /* GFButton.swift in Sources */,
				622E331C2B98C1C20063C294 /* GFEmptyStateView.swift in Sources */,
				6280852F2B9B5C86008EA841 /* GFSecondaryTitleLabel.swift in Sources */,
				62C23B8F2B925A3300524BBB /* GFAlertVC.swift in Sources */,
				6248B5C92B93E9F400A8B580 /* User.swift in Sources */,
				6262C5C92B9A5C64004B2423 /* GFError.swift in Sources */,
				6288755C2B9650EF008F6003 /* FollowerCell.swift in Sources */,
				6288755E2B965187008F6003 /* GFAvatarImageView.swift in Sources */,
				625916CA2B91208000DDB3E9 /* SearchVC.swift in Sources */,
				6262C5C72B9A4B42004B2423 /* UserInfoVC.swift in Sources */,
				6248B5C72B93E93000A8B580 /* Follower.swift in Sources */,
				62C23B8B2B92575600524BBB /* GFTitleLabel.swift in Sources */,
				62CE8F4B2B92252B00BE185E /* FollowerListVC.swift in Sources */,
				62C23B932B925DB900524BBB /* GFAlertContainer.swift in Sources */,
				628875602B97A26B008F6003 /* UIHelper.swift in Sources */,
				628875562B96107D008F6003 /* NetworkManager.swift in Sources */,
				625916B62B91159400DDB3E9 /* AppDelegate.swift in Sources */,
				62A6C15F2B9D33CC009BB766 /* GFItemInfoView.swift in Sources */,
				625916B82B91159400DDB3E9 /* SceneDelegate.swift in Sources */,
				629FFE122B9B6C1B004B65A6 /* Constants.swift in Sources */,
			);
			runOnlyForDeploymentPostprocessing = 0;
		};
/* End PBXSourcesBuildPhase section */

/* Begin PBXVariantGroup section */
		625916C02B91159500DDB3E9 /* LaunchScreen.storyboard */ = {
			isa = PBXVariantGroup;
			children = (
				625916C12B91159500DDB3E9 /* Base */,
			);
			name = LaunchScreen.storyboard;
			sourceTree = "<group>";
		};
/* End PBXVariantGroup section */

/* Begin XCBuildConfiguration section */
		625916C42B91159500DDB3E9 /* Debug */ = {
			isa = XCBuildConfiguration;
			buildSettings = {
				ALWAYS_SEARCH_USER_PATHS = NO;
				ASSETCATALOG_COMPILER_GENERATE_SWIFT_ASSET_SYMBOL_EXTENSIONS = YES;
				CLANG_ANALYZER_NONNULL = YES;
				CLANG_ANALYZER_NUMBER_OBJECT_CONVERSION = YES_AGGRESSIVE;
				CLANG_CXX_LANGUAGE_STANDARD = "gnu++20";
				CLANG_ENABLE_MODULES = YES;
				CLANG_ENABLE_OBJC_ARC = YES;
				CLANG_ENABLE_OBJC_WEAK = YES;
				CLANG_WARN_BLOCK_CAPTURE_AUTORELEASING = YES;
				CLANG_WARN_BOOL_CONVERSION = YES;
				CLANG_WARN_COMMA = YES;
				CLANG_WARN_CONSTANT_CONVERSION = YES;
				CLANG_WARN_DEPRECATED_OBJC_IMPLEMENTATIONS = YES;
				CLANG_WARN_DIRECT_OBJC_ISA_USAGE = YES_ERROR;
				CLANG_WARN_DOCUMENTATION_COMMENTS = YES;
				CLANG_WARN_EMPTY_BODY = YES;
				CLANG_WARN_ENUM_CONVERSION = YES;
				CLANG_WARN_INFINITE_RECURSION = YES;
				CLANG_WARN_INT_CONVERSION = YES;
				CLANG_WARN_NON_LITERAL_NULL_CONVERSION = YES;
				CLANG_WARN_OBJC_IMPLICIT_RETAIN_SELF = YES;
				CLANG_WARN_OBJC_LITERAL_CONVERSION = YES;
				CLANG_WARN_OBJC_ROOT_CLASS = YES_ERROR;
				CLANG_WARN_QUOTED_INCLUDE_IN_FRAMEWORK_HEADER = YES;
				CLANG_WARN_RANGE_LOOP_ANALYSIS = YES;
				CLANG_WARN_STRICT_PROTOTYPES = YES;
				CLANG_WARN_SUSPICIOUS_MOVE = YES;
				CLANG_WARN_UNGUARDED_AVAILABILITY = YES_AGGRESSIVE;
				CLANG_WARN_UNREACHABLE_CODE = YES;
				CLANG_WARN__DUPLICATE_METHOD_MATCH = YES;
				COPY_PHASE_STRIP = NO;
				DEBUG_INFORMATION_FORMAT = dwarf;
				ENABLE_STRICT_OBJC_MSGSEND = YES;
				ENABLE_TESTABILITY = YES;
				ENABLE_USER_SCRIPT_SANDBOXING = YES;
				GCC_C_LANGUAGE_STANDARD = gnu17;
				GCC_DYNAMIC_NO_PIC = NO;
				GCC_NO_COMMON_BLOCKS = YES;
				GCC_OPTIMIZATION_LEVEL = 0;
				GCC_PREPROCESSOR_DEFINITIONS = (
					"DEBUG=1",
					"$(inherited)",
				);
				GCC_WARN_64_TO_32_BIT_CONVERSION = YES;
				GCC_WARN_ABOUT_RETURN_TYPE = YES_ERROR;
				GCC_WARN_UNDECLARED_SELECTOR = YES;
				GCC_WARN_UNINITIALIZED_AUTOS = YES_AGGRESSIVE;
				GCC_WARN_UNUSED_FUNCTION = YES;
				GCC_WARN_UNUSED_VARIABLE = YES;
				IPHONEOS_DEPLOYMENT_TARGET = 17.2;
				LOCALIZATION_PREFERS_STRING_CATALOGS = YES;
				MTL_ENABLE_DEBUG_INFO = INCLUDE_SOURCE;
				MTL_FAST_MATH = YES;
				ONLY_ACTIVE_ARCH = YES;
				SDKROOT = iphoneos;
				SWIFT_ACTIVE_COMPILATION_CONDITIONS = "DEBUG $(inherited)";
				SWIFT_OPTIMIZATION_LEVEL = "-Onone";
			};
			name = Debug;
		};
		625916C52B91159500DDB3E9 /* Release */ = {
			isa = XCBuildConfiguration;
			buildSettings = {
				ALWAYS_SEARCH_USER_PATHS = NO;
				ASSETCATALOG_COMPILER_GENERATE_SWIFT_ASSET_SYMBOL_EXTENSIONS = YES;
				CLANG_ANALYZER_NONNULL = YES;
				CLANG_ANALYZER_NUMBER_OBJECT_CONVERSION = YES_AGGRESSIVE;
				CLANG_CXX_LANGUAGE_STANDARD = "gnu++20";
				CLANG_ENABLE_MODULES = YES;
				CLANG_ENABLE_OBJC_ARC = YES;
				CLANG_ENABLE_OBJC_WEAK = YES;
				CLANG_WARN_BLOCK_CAPTURE_AUTORELEASING = YES;
				CLANG_WARN_BOOL_CONVERSION = YES;
				CLANG_WARN_COMMA = YES;
				CLANG_WARN_CONSTANT_CONVERSION = YES;
				CLANG_WARN_DEPRECATED_OBJC_IMPLEMENTATIONS = YES;
				CLANG_WARN_DIRECT_OBJC_ISA_USAGE = YES_ERROR;
				CLANG_WARN_DOCUMENTATION_COMMENTS = YES;
				CLANG_WARN_EMPTY_BODY = YES;
				CLANG_WARN_ENUM_CONVERSION = YES;
				CLANG_WARN_INFINITE_RECURSION = YES;
				CLANG_WARN_INT_CONVERSION = YES;
				CLANG_WARN_NON_LITERAL_NULL_CONVERSION = YES;
				CLANG_WARN_OBJC_IMPLICIT_RETAIN_SELF = YES;
				CLANG_WARN_OBJC_LITERAL_CONVERSION = YES;
				CLANG_WARN_OBJC_ROOT_CLASS = YES_ERROR;
				CLANG_WARN_QUOTED_INCLUDE_IN_FRAMEWORK_HEADER = YES;
				CLANG_WARN_RANGE_LOOP_ANALYSIS = YES;
				CLANG_WARN_STRICT_PROTOTYPES = YES;
				CLANG_WARN_SUSPICIOUS_MOVE = YES;
				CLANG_WARN_UNGUARDED_AVAILABILITY = YES_AGGRESSIVE;
				CLANG_WARN_UNREACHABLE_CODE = YES;
				CLANG_WARN__DUPLICATE_METHOD_MATCH = YES;
				COPY_PHASE_STRIP = NO;
				DEBUG_INFORMATION_FORMAT = "dwarf-with-dsym";
				ENABLE_NS_ASSERTIONS = NO;
				ENABLE_STRICT_OBJC_MSGSEND = YES;
				ENABLE_USER_SCRIPT_SANDBOXING = YES;
				GCC_C_LANGUAGE_STANDARD = gnu17;
				GCC_NO_COMMON_BLOCKS = YES;
				GCC_WARN_64_TO_32_BIT_CONVERSION = YES;
				GCC_WARN_ABOUT_RETURN_TYPE = YES_ERROR;
				GCC_WARN_UNDECLARED_SELECTOR = YES;
				GCC_WARN_UNINITIALIZED_AUTOS = YES_AGGRESSIVE;
				GCC_WARN_UNUSED_FUNCTION = YES;
				GCC_WARN_UNUSED_VARIABLE = YES;
				IPHONEOS_DEPLOYMENT_TARGET = 17.2;
				LOCALIZATION_PREFERS_STRING_CATALOGS = YES;
				MTL_ENABLE_DEBUG_INFO = NO;
				MTL_FAST_MATH = YES;
				SDKROOT = iphoneos;
				SWIFT_COMPILATION_MODE = wholemodule;
				VALIDATE_PRODUCT = YES;
			};
			name = Release;
		};
		625916C72B91159500DDB3E9 /* Debug */ = {
			isa = XCBuildConfiguration;
			buildSettings = {
				ASSETCATALOG_COMPILER_APPICON_NAME = AppIcon;
				ASSETCATALOG_COMPILER_GLOBAL_ACCENT_COLOR_NAME = AccentColor;
				CODE_SIGN_STYLE = Automatic;
				CURRENT_PROJECT_VERSION = 1;
				DEVELOPMENT_TEAM = 6899T44Y9K;
				GENERATE_INFOPLIST_FILE = YES;
				INFOPLIST_FILE = GHFollowers/Info.plist;
				INFOPLIST_KEY_UIApplicationSupportsIndirectInputEvents = YES;
				INFOPLIST_KEY_UILaunchStoryboardName = LaunchScreen;
				INFOPLIST_KEY_UIMainStoryboardFile = "";
				INFOPLIST_KEY_UISupportedInterfaceOrientations = UIInterfaceOrientationPortrait;
				INFOPLIST_KEY_UISupportedInterfaceOrientations_iPad = "UIInterfaceOrientationLandscapeLeft UIInterfaceOrientationLandscapeRight UIInterfaceOrientationPortrait UIInterfaceOrientationPortraitUpsideDown";
				LD_RUNPATH_SEARCH_PATHS = (
					"$(inherited)",
					"@executable_path/Frameworks",
				);
				MARKETING_VERSION = 1.0;
				PRODUCT_BUNDLE_IDENTIFIER = matiasmart.GHFollowers;
				PRODUCT_NAME = "$(TARGET_NAME)";
				SWIFT_EMIT_LOC_STRINGS = YES;
				SWIFT_VERSION = 5.0;
				TARGETED_DEVICE_FAMILY = "1,2";
			};
			name = Debug;
		};
		625916C82B91159500DDB3E9 /* Release */ = {
			isa = XCBuildConfiguration;
			buildSettings = {
				ASSETCATALOG_COMPILER_APPICON_NAME = AppIcon;
				ASSETCATALOG_COMPILER_GLOBAL_ACCENT_COLOR_NAME = AccentColor;
				CODE_SIGN_STYLE = Automatic;
				CURRENT_PROJECT_VERSION = 1;
				DEVELOPMENT_TEAM = 6899T44Y9K;
				GENERATE_INFOPLIST_FILE = YES;
				INFOPLIST_FILE = GHFollowers/Info.plist;
				INFOPLIST_KEY_UIApplicationSupportsIndirectInputEvents = YES;
				INFOPLIST_KEY_UILaunchStoryboardName = LaunchScreen;
				INFOPLIST_KEY_UIMainStoryboardFile = "";
				INFOPLIST_KEY_UISupportedInterfaceOrientations = UIInterfaceOrientationPortrait;
				INFOPLIST_KEY_UISupportedInterfaceOrientations_iPad = "UIInterfaceOrientationLandscapeLeft UIInterfaceOrientationLandscapeRight UIInterfaceOrientationPortrait UIInterfaceOrientationPortraitUpsideDown";
				LD_RUNPATH_SEARCH_PATHS = (
					"$(inherited)",
					"@executable_path/Frameworks",
				);
				MARKETING_VERSION = 1.0;
				PRODUCT_BUNDLE_IDENTIFIER = matiasmart.GHFollowers;
				PRODUCT_NAME = "$(TARGET_NAME)";
				SWIFT_EMIT_LOC_STRINGS = YES;
				SWIFT_VERSION = 5.0;
				TARGETED_DEVICE_FAMILY = "1,2";
			};
			name = Release;
		};
/* End XCBuildConfiguration section */

/* Begin XCConfigurationList section */
		625916AD2B91159400DDB3E9 /* Build configuration list for PBXProject "GHFollowers" */ = {
			isa = XCConfigurationList;
			buildConfigurations = (
				625916C42B91159500DDB3E9 /* Debug */,
				625916C52B91159500DDB3E9 /* Release */,
			);
			defaultConfigurationIsVisible = 0;
			defaultConfigurationName = Release;
		};
		625916C62B91159500DDB3E9 /* Build configuration list for PBXNativeTarget "GHFollowers" */ = {
			isa = XCConfigurationList;
			buildConfigurations = (
				625916C72B91159500DDB3E9 /* Debug */,
				625916C82B91159500DDB3E9 /* Release */,
			);
			defaultConfigurationIsVisible = 0;
			defaultConfigurationName = Release;
		};
/* End XCConfigurationList section */
	};
	rootObject = 625916AA2B91159400DDB3E9 /* Project object */;
}
